// !$*UTF8*$!
{
	archiveVersion = 1;
	classes = {
	};
	objectVersion = 56;
	objects = {

/* Begin PBXBuildFile section */
		59EDA06B2A1EE28B00CFEB7B /* AppDelegate.swift in Sources */ = {isa = PBXBuildFile; fileRef = 59EDA06A2A1EE28B00CFEB7B /* AppDelegate.swift */; };
		59EDA06D2A1EE28B00CFEB7B /* SceneDelegate.swift in Sources */ = {isa = PBXBuildFile; fileRef = 59EDA06C2A1EE28B00CFEB7B /* SceneDelegate.swift */; };
		59EDA06F2A1EE28B00CFEB7B /* ViewController.swift in Sources */ = {isa = PBXBuildFile; fileRef = 59EDA06E2A1EE28B00CFEB7B /* ViewController.swift */; };
		59EDA0722A1EE28B00CFEB7B /* Main.storyboard in Resources */ = {isa = PBXBuildFile; fileRef = 59EDA0702A1EE28B00CFEB7B /* Main.storyboard */; };
		59EDA0752A1EE28B00CFEB7B /* WebViewWithJsEx.xcdatamodeld in Sources */ = {isa = PBXBuildFile; fileRef = 59EDA0732A1EE28B00CFEB7B /* WebViewWithJsEx.xcdatamodeld */; };
		59EDA0772A1EE28C00CFEB7B /* Assets.xcassets in Resources */ = {isa = PBXBuildFile; fileRef = 59EDA0762A1EE28C00CFEB7B /* Assets.xcassets */; };
		59EDA07A2A1EE28C00CFEB7B /* LaunchScreen.storyboard in Resources */ = {isa = PBXBuildFile; fileRef = 59EDA0782A1EE28C00CFEB7B /* LaunchScreen.storyboard */; };
		59EDA0842A1F05BD00CFEB7B /* sampleBridge.html in Resources */ = {isa = PBXBuildFile; fileRef = 59EDA0822A1F05BD00CFEB7B /* sampleBridge.html */; };
		59EDA0852A1F05BD00CFEB7B /* sampleScheme.html in Resources */ = {isa = PBXBuildFile; fileRef = 59EDA0832A1F05BD00CFEB7B /* sampleScheme.html */; };
		59EDA08A2A1F060900CFEB7B /* WebViewBridgeViewController.swift in Sources */ = {isa = PBXBuildFile; fileRef = 59EDA0892A1F060900CFEB7B /* WebViewBridgeViewController.swift */; };
		59EDA08C2A1F061C00CFEB7B /* WebViewSchemesViewController.swift in Sources */ = {isa = PBXBuildFile; fileRef = 59EDA08B2A1F061C00CFEB7B /* WebViewSchemesViewController.swift */; };
/* End PBXBuildFile section */

/* Begin PBXFileReference section */
		59EDA0672A1EE28B00CFEB7B /* WebViewWithJsEx.app */ = {isa = PBXFileReference; explicitFileType = wrapper.application; includeInIndex = 0; path = WebViewWithJsEx.app; sourceTree = BUILT_PRODUCTS_DIR; };
		59EDA06A2A1EE28B00CFEB7B /* AppDelegate.swift */ = {isa = PBXFileReference; lastKnownFileType = sourcecode.swift; path = AppDelegate.swift; sourceTree = "<group>"; };
		59EDA06C2A1EE28B00CFEB7B /* SceneDelegate.swift */ = {isa = PBXFileReference; lastKnownFileType = sourcecode.swift; path = SceneDelegate.swift; sourceTree = "<group>"; };
		59EDA06E2A1EE28B00CFEB7B /* ViewController.swift */ = {isa = PBXFileReference; lastKnownFileType = sourcecode.swift; path = ViewController.swift; sourceTree = "<group>"; };
		59EDA0712A1EE28B00CFEB7B /* Base */ = {isa = PBXFileReference; lastKnownFileType = file.storyboard; name = Base; path = Base.lproj/Main.storyboard; sourceTree = "<group>"; };
		59EDA0742A1EE28B00CFEB7B /* WebViewWithJsEx.xcdatamodel */ = {isa = PBXFileReference; lastKnownFileType = wrapper.xcdatamodel; path = WebViewWithJsEx.xcdatamodel; sourceTree = "<group>"; };
		59EDA0762A1EE28C00CFEB7B /* Assets.xcassets */ = {isa = PBXFileReference; lastKnownFileType = folder.assetcatalog; path = Assets.xcassets; sourceTree = "<group>"; };
		59EDA0792A1EE28C00CFEB7B /* Base */ = {isa = PBXFileReference; lastKnownFileType = file.storyboard; name = Base; path = Base.lproj/LaunchScreen.storyboard; sourceTree = "<group>"; };
		59EDA07B2A1EE28C00CFEB7B /* Info.plist */ = {isa = PBXFileReference; lastKnownFileType = text.plist.xml; path = Info.plist; sourceTree = "<group>"; };
		59EDA0822A1F05BD00CFEB7B /* sampleBridge.html */ = {isa = PBXFileReference; fileEncoding = 4; lastKnownFileType = text.html; path = sampleBridge.html; sourceTree = "<group>"; };
		59EDA0832A1F05BD00CFEB7B /* sampleScheme.html */ = {isa = PBXFileReference; fileEncoding = 4; lastKnownFileType = text.html; path = sampleScheme.html; sourceTree = "<group>"; };
		59EDA0892A1F060900CFEB7B /* WebViewBridgeViewController.swift */ = {isa = PBXFileReference; lastKnownFileType = sourcecode.swift; path = WebViewBridgeViewController.swift; sourceTree = "<group>"; };
		59EDA08B2A1F061C00CFEB7B /* WebViewSchemesViewController.swift */ = {isa = PBXFileReference; lastKnownFileType = sourcecode.swift; path = WebViewSchemesViewController.swift; sourceTree = "<group>"; };
/* End PBXFileReference section */

/* Begin PBXFrameworksBuildPhase section */
		59EDA0642A1EE28B00CFEB7B /* Frameworks */ = {
			isa = PBXFrameworksBuildPhase;
			buildActionMask = 2147483647;
			files = (
			);
			runOnlyForDeploymentPostprocessing = 0;
		};
/* End PBXFrameworksBuildPhase section */

/* Begin PBXGroup section */
		59EDA05E2A1EE28B00CFEB7B = {
			isa = PBXGroup;
			children = (
				59EDA0692A1EE28B00CFEB7B /* WebViewWithJsEx */,
				59EDA0682A1EE28B00CFEB7B /* Products */,
			);
			sourceTree = "<group>";
		};
		59EDA0682A1EE28B00CFEB7B /* Products */ = {
			isa = PBXGroup;
			children = (
				59EDA0672A1EE28B00CFEB7B /* WebViewWithJsEx.app */,
			);
			name = Products;
			sourceTree = "<group>";
		};
		59EDA0692A1EE28B00CFEB7B /* WebViewWithJsEx */ = {
			isa = PBXGroup;
			children = (
				59EDA0862A1F05D300CFEB7B /* Sample */,
				59EDA0812A1F05BD00CFEB7B /* Resources */,
				59EDA06A2A1EE28B00CFEB7B /* AppDelegate.swift */,
				59EDA06C2A1EE28B00CFEB7B /* SceneDelegate.swift */,
				59EDA06E2A1EE28B00CFEB7B /* ViewController.swift */,
				59EDA0702A1EE28B00CFEB7B /* Main.storyboard */,
				59EDA0762A1EE28C00CFEB7B /* Assets.xcassets */,
				59EDA0782A1EE28C00CFEB7B /* LaunchScreen.storyboard */,
				59EDA07B2A1EE28C00CFEB7B /* Info.plist */,
				59EDA0732A1EE28B00CFEB7B /* WebViewWithJsEx.xcdatamodeld */,
			);
			path = WebViewWithJsEx;
			sourceTree = "<group>";
		};
		59EDA0812A1F05BD00CFEB7B /* Resources */ = {
			isa = PBXGroup;
			children = (
				59EDA0822A1F05BD00CFEB7B /* sampleBridge.html */,
				59EDA0832A1F05BD00CFEB7B /* sampleScheme.html */,
			);
			path = Resources;
			sourceTree = "<group>";
		};
		59EDA0862A1F05D300CFEB7B /* Sample */ = {
			isa = PBXGroup;
			children = (
				59EDA0872A1F05DF00CFEB7B /* Bridge */,
				59EDA0882A1F05E600CFEB7B /* Scheme */,
			);
			path = Sample;
			sourceTree = "<group>";
		};
		59EDA0872A1F05DF00CFEB7B /* Bridge */ = {
			isa = PBXGroup;
			children = (
				59EDA0892A1F060900CFEB7B /* WebViewBridgeViewController.swift */,
			);
			path = Bridge;
			sourceTree = "<group>";
		};
		59EDA0882A1F05E600CFEB7B /* Scheme */ = {
			isa = PBXGroup;
			children = (
				59EDA08B2A1F061C00CFEB7B /* WebViewSchemesViewController.swift */,
			);
			path = Scheme;
			sourceTree = "<group>";
		};
/* End PBXGroup section */

/* Begin PBXNativeTarget section */
		59EDA0662A1EE28B00CFEB7B /* WebViewWithJsEx */ = {
			isa = PBXNativeTarget;
			buildConfigurationList = 59EDA07E2A1EE28C00CFEB7B /* Build configuration list for PBXNativeTarget "WebViewWithJsEx" */;
			buildPhases = (
				59EDA0632A1EE28B00CFEB7B /* Sources */,
				59EDA0642A1EE28B00CFEB7B /* Frameworks */,
				59EDA0652A1EE28B00CFEB7B /* Resources */,
			);
			buildRules = (
			);
			dependencies = (
			);
			name = WebViewWithJsEx;
			productName = WebViewWithJsEx;
			productReference = 59EDA0672A1EE28B00CFEB7B /* WebViewWithJsEx.app */;
			productType = "com.apple.product-type.application";
		};
/* End PBXNativeTarget section */

/* Begin PBXProject section */
		59EDA05F2A1EE28B00CFEB7B /* Project object */ = {
			isa = PBXProject;
			attributes = {
				BuildIndependentTargetsInParallel = 1;
				LastSwiftUpdateCheck = 1420;
				LastUpgradeCheck = 1420;
				TargetAttributes = {
					59EDA0662A1EE28B00CFEB7B = {
						CreatedOnToolsVersion = 14.2;
					};
				};
			};
			buildConfigurationList = 59EDA0622A1EE28B00CFEB7B /* Build configuration list for PBXProject "WebViewWithJsEx" */;
			compatibilityVersion = "Xcode 14.0";
			developmentRegion = en;
			hasScannedForEncodings = 0;
			knownRegions = (
				en,
				Base,
			);
			mainGroup = 59EDA05E2A1EE28B00CFEB7B;
			productRefGroup = 59EDA0682A1EE28B00CFEB7B /* Products */;
			projectDirPath = "";
			projectRoot = "";
			targets = (
				59EDA0662A1EE28B00CFEB7B /* WebViewWithJsEx */,
			);
		};
/* End PBXProject section */

/* Begin PBXResourcesBuildPhase section */
		59EDA0652A1EE28B00CFEB7B /* Resources */ = {
			isa = PBXResourcesBuildPhase;
			buildActionMask = 2147483647;
			files = (
				59EDA0852A1F05BD00CFEB7B /* sampleScheme.html in Resources */,
				59EDA07A2A1EE28C00CFEB7B /* LaunchScreen.storyboard in Resources */,
				59EDA0772A1EE28C00CFEB7B /* Assets.xcassets in Resources */,
				59EDA0722A1EE28B00CFEB7B /* Main.storyboard in Resources */,
				59EDA0842A1F05BD00CFEB7B /* sampleBridge.html in Resources */,
			);
			runOnlyForDeploymentPostprocessing = 0;
		};
/* End PBXResourcesBuildPhase section */

/* Begin PBXSourcesBuildPhase section */
		59EDA0632A1EE28B00CFEB7B /* Sources */ = {
			isa = PBXSourcesBuildPhase;
			buildActionMask = 2147483647;
			files = (
				59EDA08A2A1F060900CFEB7B /* WebViewBridgeViewController.swift in Sources */,
				59EDA06F2A1EE28B00CFEB7B /* ViewController.swift in Sources */,
				59EDA06B2A1EE28B00CFEB7B /* AppDelegate.swift in Sources */,
				59EDA06D2A1EE28B00CFEB7B /* SceneDelegate.swift in Sources */,
				59EDA0752A1EE28B00CFEB7B /* WebViewWithJsEx.xcdatamodeld in Sources */,
				59EDA08C2A1F061C00CFEB7B /* WebViewSchemesViewController.swift in Sources */,
			);
			runOnlyForDeploymentPostprocessing = 0;
		};
/* End PBXSourcesBuildPhase section */

/* Begin PBXVariantGroup section */
		59EDA0702A1EE28B00CFEB7B /* Main.storyboard */ = {
			isa = PBXVariantGroup;
			children = (
				59EDA0712A1EE28B00CFEB7B /* Base */,
			);
			name = Main.storyboard;
			sourceTree = "<group>";
		};
		59EDA0782A1EE28C00CFEB7B /* LaunchScreen.storyboard */ = {
			isa = PBXVariantGroup;
			children = (
				59EDA0792A1EE28C00CFEB7B /* Base */,
			);
			name = LaunchScreen.storyboard;
			sourceTree = "<group>";
		};
/* End PBXVariantGroup section */

/* Begin XCBuildConfiguration section */
		59EDA07C2A1EE28C00CFEB7B /* Debug */ = {
			isa = XCBuildConfiguration;
			buildSettings = {
				ALWAYS_SEARCH_USER_PATHS = NO;
				CLANG_ANALYZER_NONNULL = YES;
				CLANG_ANALYZER_NUMBER_OBJECT_CONVERSION = YES_AGGRESSIVE;
				CLANG_CXX_LANGUAGE_STANDARD = "gnu++20";
				CLANG_ENABLE_MODULES = YES;
				CLANG_ENABLE_OBJC_ARC = YES;
				CLANG_ENABLE_OBJC_WEAK = YES;
				CLANG_WARN_BLOCK_CAPTURE_AUTORELEASING = YES;
				CLANG_WARN_BOOL_CONVERSION = YES;
				CLANG_WARN_COMMA = YES;
				CLANG_WARN_CONSTANT_CONVERSION = YES;
				CLANG_WARN_DEPRECATED_OBJC_IMPLEMENTATIONS = YES;
				CLANG_WARN_DIRECT_OBJC_ISA_USAGE = YES_ERROR;
				CLANG_WARN_DOCUMENTATION_COMMENTS = YES;
				CLANG_WARN_EMPTY_BODY = YES;
				CLANG_WARN_ENUM_CONVERSION = YES;
				CLANG_WARN_INFINITE_RECURSION = YES;
				CLANG_WARN_INT_CONVERSION = YES;
				CLANG_WARN_NON_LITERAL_NULL_CONVERSION = YES;
				CLANG_WARN_OBJC_IMPLICIT_RETAIN_SELF = YES;
				CLANG_WARN_OBJC_LITERAL_CONVERSION = YES;
				CLANG_WARN_OBJC_ROOT_CLASS = YES_ERROR;
				CLANG_WARN_QUOTED_INCLUDE_IN_FRAMEWORK_HEADER = YES;
				CLANG_WARN_RANGE_LOOP_ANALYSIS = YES;
				CLANG_WARN_STRICT_PROTOTYPES = YES;
				CLANG_WARN_SUSPICIOUS_MOVE = YES;
				CLANG_WARN_UNGUARDED_AVAILABILITY = YES_AGGRESSIVE;
				CLANG_WARN_UNREACHABLE_CODE = YES;
				CLANG_WARN__DUPLICATE_METHOD_MATCH = YES;
				COPY_PHASE_STRIP = NO;
				DEBUG_INFORMATION_FORMAT = dwarf;
				ENABLE_STRICT_OBJC_MSGSEND = YES;
				ENABLE_TESTABILITY = YES;
				GCC_C_LANGUAGE_STANDARD = gnu11;
				GCC_DYNAMIC_NO_PIC = NO;
				GCC_NO_COMMON_BLOCKS = YES;
				GCC_OPTIMIZATION_LEVEL = 0;
				GCC_PREPROCESSOR_DEFINITIONS = (
					"DEBUG=1",
					"$(inherited)",
				);
				GCC_WARN_64_TO_32_BIT_CONVERSION = YES;
				GCC_WARN_ABOUT_RETURN_TYPE = YES_ERROR;
				GCC_WARN_UNDECLARED_SELECTOR = YES;
				GCC_WARN_UNINITIALIZED_AUTOS = YES_AGGRESSIVE;
				GCC_WARN_UNUSED_FUNCTION = YES;
				GCC_WARN_UNUSED_VARIABLE = YES;
				IPHONEOS_DEPLOYMENT_TARGET = 16.2;
				MTL_ENABLE_DEBUG_INFO = INCLUDE_SOURCE;
				MTL_FAST_MATH = YES;
				ONLY_ACTIVE_ARCH = YES;
				SDKROOT = iphoneos;
				SWIFT_ACTIVE_COMPILATION_CONDITIONS = DEBUG;
				SWIFT_OPTIMIZATION_LEVEL = "-Onone";
			};
			name = Debug;
		};
		59EDA07D2A1EE28C00CFEB7B /* Release */ = {
			isa = XCBuildConfiguration;
			buildSettings = {
				ALWAYS_SEARCH_USER_PATHS = NO;
				CLANG_ANALYZER_NONNULL = YES;
				CLANG_ANALYZER_NUMBER_OBJECT_CONVERSION = YES_AGGRESSIVE;
				CLANG_CXX_LANGUAGE_STANDARD = "gnu++20";
				CLANG_ENABLE_MODULES = YES;
				CLANG_ENABLE_OBJC_ARC = YES;
				CLANG_ENABLE_OBJC_WEAK = YES;
				CLANG_WARN_BLOCK_CAPTURE_AUTORELEASING = YES;
				CLANG_WARN_BOOL_CONVERSION = YES;
				CLANG_WARN_COMMA = YES;
				CLANG_WARN_CONSTANT_CONVERSION = YES;
				CLANG_WARN_DEPRECATED_OBJC_IMPLEMENTATIONS = YES;
				CLANG_WARN_DIRECT_OBJC_ISA_USAGE = YES_ERROR;
				CLANG_WARN_DOCUMENTATION_COMMENTS = YES;
				CLANG_WARN_EMPTY_BODY = YES;
				CLANG_WARN_ENUM_CONVERSION = YES;
				CLANG_WARN_INFINITE_RECURSION = YES;
				CLANG_WARN_INT_CONVERSION = YES;
				CLANG_WARN_NON_LITERAL_NULL_CONVERSION = YES;
				CLANG_WARN_OBJC_IMPLICIT_RETAIN_SELF = YES;
				CLANG_WARN_OBJC_LITERAL_CONVERSION = YES;
				CLANG_WARN_OBJC_ROOT_CLASS = YES_ERROR;
				CLANG_WARN_QUOTED_INCLUDE_IN_FRAMEWORK_HEADER = YES;
				CLANG_WARN_RANGE_LOOP_ANALYSIS = YES;
				CLANG_WARN_STRICT_PROTOTYPES = YES;
				CLANG_WARN_SUSPICIOUS_MOVE = YES;
				CLANG_WARN_UNGUARDED_AVAILABILITY = YES_AGGRESSIVE;
				CLANG_WARN_UNREACHABLE_CODE = YES;
				CLANG_WARN__DUPLICATE_METHOD_MATCH = YES;
				COPY_PHASE_STRIP = NO;
				DEBUG_INFORMATION_FORMAT = "dwarf-with-dsym";
				ENABLE_NS_ASSERTIONS = NO;
				ENABLE_STRICT_OBJC_MSGSEND = YES;
				GCC_C_LANGUAGE_STANDARD = gnu11;
				GCC_NO_COMMON_BLOCKS = YES;
				GCC_WARN_64_TO_32_BIT_CONVERSION = YES;
				GCC_WARN_ABOUT_RETURN_TYPE = YES_ERROR;
				GCC_WARN_UNDECLARED_SELECTOR = YES;
				GCC_WARN_UNINITIALIZED_AUTOS = YES_AGGRESSIVE;
				GCC_WARN_UNUSED_FUNCTION = YES;
				GCC_WARN_UNUSED_VARIABLE = YES;
				IPHONEOS_DEPLOYMENT_TARGET = 16.2;
				MTL_ENABLE_DEBUG_INFO = NO;
				MTL_FAST_MATH = YES;
				SDKROOT = iphoneos;
				SWIFT_COMPILATION_MODE = wholemodule;
				SWIFT_OPTIMIZATION_LEVEL = "-O";
				VALIDATE_PRODUCT = YES;
			};
			name = Release;
		};
		59EDA07F2A1EE28C00CFEB7B /* Debug */ = {
			isa = XCBuildConfiguration;
			buildSettings = {
				ASSETCATALOG_COMPILER_APPICON_NAME = AppIcon;
				ASSETCATALOG_COMPILER_GLOBAL_ACCENT_COLOR_NAME = AccentColor;
				CODE_SIGN_STYLE = Automatic;
				CURRENT_PROJECT_VERSION = 1;
				DEVELOPMENT_TEAM = X73WTK25N3;
				GENERATE_INFOPLIST_FILE = YES;
				INFOPLIST_FILE = WebViewWithJsEx/Info.plist;
				INFOPLIST_KEY_UIApplicationSupportsIndirectInputEvents = YES;
				INFOPLIST_KEY_UILaunchStoryboardName = LaunchScreen;
				INFOPLIST_KEY_UIMainStoryboardFile = Main;
				INFOPLIST_KEY_UISupportedInterfaceOrientations_iPad = "UIInterfaceOrientationPortrait UIInterfaceOrientationPortraitUpsideDown UIInterfaceOrientationLandscapeLeft UIInterfaceOrientationLandscapeRight";
				INFOPLIST_KEY_UISupportedInterfaceOrientations_iPhone = "UIInterfaceOrientationPortrait UIInterfaceOrientationLandscapeLeft UIInterfaceOrientationLandscapeRight";
				LD_RUNPATH_SEARCH_PATHS = (
					"$(inherited)",
					"@executable_path/Frameworks",
				);
				MARKETING_VERSION = 1.0;
				PRODUCT_BUNDLE_IDENTIFIER = jinunzzan.kec.WebViewWithJsEx;
				PRODUCT_NAME = "$(TARGET_NAME)";
				SWIFT_EMIT_LOC_STRINGS = YES;
				SWIFT_VERSION = 5.0;
				TARGETED_DEVICE_FAMILY = "1,2";
			};
			name = Debug;
		};
		59EDA0802A1EE28C00CFEB7B /* Release */ = {
			isa = XCBuildConfiguration;
			buildSettings = {
				ASSETCATALOG_COMPILER_APPICON_NAME = AppIcon;
				ASSETCATALOG_COMPILER_GLOBAL_ACCENT_COLOR_NAME = AccentColor;
				CODE_SIGN_STYLE = Automatic;
				CURRENT_PROJECT_VERSION = 1;
				DEVELOPMENT_TEAM = X73WTK25N3;
				GENERATE_INFOPLIST_FILE = YES;
				INFOPLIST_FILE = WebViewWithJsEx/Info.plist;
				INFOPLIST_KEY_UIApplicationSupportsIndirectInputEvents = YES;
				INFOPLIST_KEY_UILaunchStoryboardName = LaunchScreen;
				INFOPLIST_KEY_UIMainStoryboardFile = Main;
				INFOPLIST_KEY_UISupportedInterfaceOrientations_iPad = "UIInterfaceOrientationPortrait UIInterfaceOrientationPortraitUpsideDown UIInterfaceOrientationLandscapeLeft UIInterfaceOrientationLandscapeRight";
				INFOPLIST_KEY_UISupportedInterfaceOrientations_iPhone = "UIInterfaceOrientationPortrait UIInterfaceOrientationLandscapeLeft UIInterfaceOrientationLandscapeRight";
				LD_RUNPATH_SEARCH_PATHS = (
					"$(inherited)",
					"@executable_path/Frameworks",
				);
				MARKETING_VERSION = 1.0;
				PRODUCT_BUNDLE_IDENTIFIER = jinunzzan.kec.WebViewWithJsEx;
				PRODUCT_NAME = "$(TARGET_NAME)";
				SWIFT_EMIT_LOC_STRINGS = YES;
				SWIFT_VERSION = 5.0;
				TARGETED_DEVICE_FAMILY = "1,2";
			};
			name = Release;
		};
/* End XCBuildConfiguration section */

/* Begin XCConfigurationList section */
		59EDA0622A1EE28B00CFEB7B /* Build configuration list for PBXProject "WebViewWithJsEx" */ = {
			isa = XCConfigurationList;
			buildConfigurations = (
				59EDA07C2A1EE28C00CFEB7B /* Debug */,
				59EDA07D2A1EE28C00CFEB7B /* Release */,
			);
			defaultConfigurationIsVisible = 0;
			defaultConfigurationName = Release;
		};
		59EDA07E2A1EE28C00CFEB7B /* Build configuration list for PBXNativeTarget "WebViewWithJsEx" */ = {
			isa = XCConfigurationList;
			buildConfigurations = (
				59EDA07F2A1EE28C00CFEB7B /* Debug */,
				59EDA0802A1EE28C00CFEB7B /* Release */,
			);
			defaultConfigurationIsVisible = 0;
			defaultConfigurationName = Release;
		};
/* End XCConfigurationList section */

/* Begin XCVersionGroup section */
		59EDA0732A1EE28B00CFEB7B /* WebViewWithJsEx.xcdatamodeld */ = {
			isa = XCVersionGroup;
			children = (
				59EDA0742A1EE28B00CFEB7B /* WebViewWithJsEx.xcdatamodel */,
			);
			currentVersion = 59EDA0742A1EE28B00CFEB7B /* WebViewWithJsEx.xcdatamodel */;
			path = WebViewWithJsEx.xcdatamodeld;
			sourceTree = "<group>";
			versionGroupType = wrapper.xcdatamodel;
		};
/* End XCVersionGroup section */
	};
	rootObject = 59EDA05F2A1EE28B00CFEB7B /* Project object */;
}
